
Microsoft Visual Studio Solution File, Format Version 12.00
# Visual Studio Version 16
VisualStudioVersion = 16.0.31229.75
MinimumVisualStudioVersion = 10.0.40219.1
Project("{F184B08F-C81C-45F6-A57F-5ABD9991F28F}") = "HPAPrototype", "HPAPrototype.vbproj", "{2BEA8C16-17B2-4049-A84B-0D12534D32A7}"
EndProject
Global
	GlobalSection(SolutionConfigurationPlatforms) = preSolution
		Debug|Any CPU = Debug|Any CPU
		Release|Any CPU = Release|Any CPU
	EndGlobalSection
	GlobalSection(ProjectConfigurationPlatforms) = postSolution
		{2BEA8C16-17B2-4049-A84B-0D12534D32A7}.Debug|Any CPU.ActiveCfg = Debug|Any CPU
		{2BEA8C16-17B2-4049-A84B-0D12534D32A7}.Debug|Any CPU.Build.0 = Debug|Any CPU
		{2BEA8C16-17B2-4049-A84B-0D12534D32A7}.Release|Any CPU.ActiveCfg = Release|Any CPU
		{2BEA8C16-17B2-4049-A84B-0D12534D32A7}.Release|Any CPU.Build.0 = Release|Any CPU
	EndGlobalSection
	GlobalSection(SolutionProperties) = preSolution
		HideSolutionNode = FALSE
	EndGlobalSection
	GlobalSection(ExtensibilityGlobals) = postSolution
		SolutionGuid = {F2079EBD-2094-4352-A873-03D7ACE1E9FA}
	EndGlobalSection
EndGlobal
